github.com/aws/aws-sdk-go-v2 v1.24.0 h1:890+mqQ+hTpNuw0gGP6/4akolQkSToDJgHfQE7AwGuk=
github.com/aws/aws-sdk-go-v2 v1.24.0/go.mod h1:LNh45Br1YAkEKaAqvmE1m8FUx6a5b/V0oAJfg+CdkAs=
github.com/aws/aws-sdk-go-v2/aws/protocol/eventstream v1.5.4 h1:OCs21ST2LrepDfD3lwlQiOqIGp6JiEUqG84GzTDoyJs=
github.com/aws/aws-sdk-go-v2/aws/protocol/eventstream v1.5.4/go.mod h1:usURWECznNUcNNwxDxKp1jLZF5pEL6T6bqPByDUAoFM=
github.com/aws/aws-sdk-go-v2/config v1.26.1 h1:z6DqMxclFGL3NHvWQaGSI2EtEn7cO+nJmC2YfpEjdHg=
github.com/aws/aws-sdk-go-v2/config v1.26.1/go.mod h1:xyIfgiQewM4fRBpqFN2V3WgTaQR2bglFEYA2eLGvgDE=
github.com/aws/aws-sdk-go-v2/credentials v1.16.12 h1:VwMGNy8fPsSlpGLAMeB9d4D8RcWyBEXi8V14cmuKS6g=
github.com/aws/aws-sdk-go-v2/credentials v1.16.12/go.mod h1:dPc8yzNh9FUZ2H5HrcrCfXYsaX4oWCBIvLa4dGBN3lA=
github.com/aws/aws-sdk-go-v2/feature/ec2/imds v1.14.10 h1:w98BT5w+ao1/r5sUuiH6JkVzjowOKeOJRHERyy1vh58=
github.com/aws/aws-sdk-go-v2/feature/ec2/imds v1.14.10/go.mod h1:K2WGI7vUvkwt5VX3RdhHBpScDCPbgEMiJGNXn0QldEc=
github.com/aws/aws-sdk-go-v2/internal/configsources v1.2.9 h1:v+w1Deg+qGExzAFD7F+0qjVy/mMD0rZDoAZJ3fZy38o=
github.com/aws/aws-sdk-go-v2/internal/configsources v1.2.9/go.mod h1:0UVbD0ZHuHP+POrTOt85zK8ctCYj0aV3nGFj2rFxU6Q=
github.com/aws/aws-sdk-go-v2/internal/endpoints/v2 v2.5.9 h1:5cH4fqMe2IGgW2W+RbKXOgYDLXbKj+5nqmLNMpHhKCQ=
github.com/aws/aws-sdk-go-v2/internal/endpoints/v2 v2.5.9/go.mod h1:hqamWkR4W2KIwcDWSGiLrDu3qpbx8v8kRzv2p62UM+Q=
github.com/aws/aws-sdk-go-v2/internal/ini v1.7.2 h1:GrSw8s0Gs/5zZ0SX+gX4zQjRnRsMJDJ2sLur1gRBhEM=
github.com/aws/aws-sdk-go-v2/internal/ini v1.7.2/go.mod h1:6fQQgfuGmw8Al/3M2IgIllycxV7ZW7WCdVSqfBeUiCY=
github.com/aws/aws-sdk-go-v2/internal/v4a v1.2.9 h1:ugD6qzjYtB7zM5PN/ZIeaAIyefPaD82G8+SJopgvUpw=
github.com/aws/aws-sdk-go-v2/internal/v4a v1.2.9/go.mod h1:YD0eTLD8i6LWFmFUvPrmj/Xfg0bqxqcHPJVukTTfYEo=
github.com/aws/aws-sdk-go-v2/service/internal/accept-encoding v1.10.4 h1:/b31bi3YVNlkzkBrm9LfpaKoaYZUxIAj4sHfOTmLfqw=
github.com/aws/aws-sdk-go-v2/service/internal/accept-encoding v1.10.4/go.mod h1:2aGXHFmbInwgP9ZfpmdIfOELL79zhdNYNmReK8qDfdQ=
github.com/aws/aws-sdk-go-v2/service/internal/checksum v1.2.9 h1:N+4PLd7WJ6hSs4vqn4OTJYIsjPFSX0Aiy1WdYUGwZCg=
github.com/aws/aws-sdk-go-v2/service/internal/checksum v1.2.9/go.mod h1:YD0eTLD8i6LWFmFUvPrmj/Xfg0bqxqcHPJVukTTfYEo=
github.com/aws/aws-sdk-go-v2/service/internal/presigned-url v1.10.9 h1:Nf2sHxjMJR8CSImIVCONRi4g0Su3J+TSTbS7G0pUeMU=
github.com/aws/aws-sdk-go-v2/service/internal/presigned-url v1.10.9/go.mod h1:idky4TER38YIjr2cADF1/kbMJ3OmcCRA+w4aBrPLVKA=
github.com/aws/aws-sdk-go-v2/service/internal/s3shared v1.16.9 h1:iEAeF6YC3l4FzlJPP9H3Ko1TXpdjdqWffxXjp8SY6uk=
github.com/aws/aws-sdk-go-v2/service/internal/s3shared v1.16.9/go.mod h1:kjsXoK23q9Z/tGfqVsAiIB+dU5rwo6Y0JEpnYADqG7A=
github.com/aws/aws-sdk-go-v2/service/s3 v1.47.5 h1:Keso8lIOS+IzI2MkPZyK6G0LYbGTqGP5qjKqljY8mIw=
github.com/aws/aws-sdk-go-v2/service/s3 v1.47.5/go.mod h1:vADO6Jn+Rq4nDtfwNjhgTLEAqGIj77GXKJ0jDHRNsj4=
github.com/aws/aws-sdk-go-v2/service/sso v1.18.5 h1:ldSFWz9tEHAwHNmjx2Cvy1MjP5/L9kNoR0skc6wyOOM=
github.com/aws/aws-sdk-go-v2/service/sso v1.18.5/go.mod h1:CaFfXLYL376jgbP7VKC96uFcU8Rlavak0UlAwk1Dlhc=
github.com/aws/aws-sdk-go-v2/service/ssooidc v1.21.5 h1:2k9KmFawS63euAkY4/j9vj1HqZ6jSTWWB0vkI8R+u74=
github.com/aws/aws-sdk-go-v2/service/ssooidc v1.21.5/go.mod h1:W+nd4wWDVkSUIox9bacmkBP5NMFQeTJ/xqNabpzSR38=
github.com/aws/aws-sdk-go-v2/service/sts v1.26.5 h1:5UYvv8JUvllZsRnfrcMQ+hJ9jNICmcgKPAO1CER7gHo=
github.com/aws/aws-sdk-go-v2/service/sts v1.26.5/go.mod h1:XX5gh4CB7wAs6maoBVVJJJy/VctGrFWN/6IHDdMY+QY=
github.com/aws/smithy-go v1.19.0 h1:EcYvvSFlAFm9HBqFlz1CzehUKqtNlnlcNj9cIAUuwFs=
github.com/aws/smithy-go v1.19.0/go.mod h1:NukqUGpCZIILqqiV0NIjeFh24kd/FAa4beRb6nbIUPE=
github.com/gorilla/mux v1.8.1 h1:TuBL49tXwgrFYWhqrNgrUNEY92u81SPhu7sTdzQEiWY=
github.com/gorilla/mux v1.8.1/go.mod h1:AKf9I4AEqPTmMytcMc0KkNouC66V3BtZ4qD5fmWSiMQ=
